{
  "name": "cc-doctor",
  "version": "0.1.9",
  "lockfileVersion": 3,
  "requires": true,
  "packages": {
    "": {
      "name": "cc-doctor",
      "version": "0.1.9",
      "license": "MIT",
      "bin": {
        "cc-doctor": "bin/cli.js"
      },
      "engines": {
        "node": ">=18"
      }
    }
  }
}
